
Microsoft Visual Studio Solution File, Format Version 12.00
# Visual Studio Version 16
VisualStudioVersion = 16.0.31729.503
MinimumVisualStudioVersion = 10.0.40219.1
Project("{FAE04EC0-301F-11D3-BF4B-00C04F79EFBC}") = "CarRental.App", "CarRental.App\CarRental.App.csproj", "{98C68CC8-AAA0-4CFF-B34F-D18DB34221D4}"
EndProject
Project("{FAE04EC0-301F-11D3-BF4B-00C04F79EFBC}") = "CarRental.CMS", "CarRental.CMS\CarRental.CMS.csproj", "{9C5D13C7-6936-47D2-B03E-525909C2D9BD}"
EndProject
Project("{FAE04EC0-301F-11D3-BF4B-00C04F79EFBC}") = "CarRental.Database", "CarRental.Database\CarRental.Database.csproj", "{886BBA52-9FDE-48B0-A998-C25BC277104A}"
EndProject
Global
	GlobalSection(SolutionConfigurationPlatforms) = preSolution
		Debug|Any CPU = Debug|Any CPU
		Release|Any CPU = Release|Any CPU
	EndGlobalSection
	GlobalSection(ProjectConfigurationPlatforms) = postSolution
		{98C68CC8-AAA0-4CFF-B34F-D18DB34221D4}.Debug|Any CPU.ActiveCfg = Debug|Any CPU
		{98C68CC8-AAA0-4CFF-B34F-D18DB34221D4}.Debug|Any CPU.Build.0 = Debug|Any CPU
		{98C68CC8-AAA0-4CFF-B34F-D18DB34221D4}.Release|Any CPU.ActiveCfg = Release|Any CPU
		{98C68CC8-AAA0-4CFF-B34F-D18DB34221D4}.Release|Any CPU.Build.0 = Release|Any CPU
		{9C5D13C7-6936-47D2-B03E-525909C2D9BD}.Debug|Any CPU.ActiveCfg = Debug|Any CPU
		{9C5D13C7-6936-47D2-B03E-525909C2D9BD}.Debug|Any CPU.Build.0 = Debug|Any CPU
		{9C5D13C7-6936-47D2-B03E-525909C2D9BD}.Release|Any CPU.ActiveCfg = Release|Any CPU
		{9C5D13C7-6936-47D2-B03E-525909C2D9BD}.Release|Any CPU.Build.0 = Release|Any CPU
		{886BBA52-9FDE-48B0-A998-C25BC277104A}.Debug|Any CPU.ActiveCfg = Debug|Any CPU
		{886BBA52-9FDE-48B0-A998-C25BC277104A}.Debug|Any CPU.Build.0 = Debug|Any CPU
		{886BBA52-9FDE-48B0-A998-C25BC277104A}.Release|Any CPU.ActiveCfg = Release|Any CPU
		{886BBA52-9FDE-48B0-A998-C25BC277104A}.Release|Any CPU.Build.0 = Release|Any CPU
	EndGlobalSection
	GlobalSection(SolutionProperties) = preSolution
		HideSolutionNode = FALSE
	EndGlobalSection
	GlobalSection(ExtensibilityGlobals) = postSolution
		SolutionGuid = {E78BBD22-D5D8-4964-9571-BC3CC22D9D29}
	EndGlobalSection
EndGlobal
